
Microsoft Visual Studio Solution File, Format Version 12.00
# Visual Studio Version 17
VisualStudioVersion = 17.9.34728.123
MinimumVisualStudioVersion = 10.0.40219.1
Project("{FAE04EC0-301F-11D3-BF4B-00C04F79EFBC}") = "tstAddress.cs", "tstAddress.cs.csproj", "{F88C7707-8679-49B0-850B-FA4501341962}"
EndProject
Global
	GlobalSection(SolutionConfigurationPlatforms) = preSolution
		Debug|Any CPU = Debug|Any CPU
		Release|Any CPU = Release|Any CPU
	EndGlobalSection
	GlobalSection(ProjectConfigurationPlatforms) = postSolution
		{F88C7707-8679-49B0-850B-FA4501341962}.Debug|Any CPU.ActiveCfg = Debug|Any CPU
		{F88C7707-8679-49B0-850B-FA4501341962}.Debug|Any CPU.Build.0 = Debug|Any CPU
		{F88C7707-8679-49B0-850B-FA4501341962}.Release|Any CPU.ActiveCfg = Release|Any CPU
		{F88C7707-8679-49B0-850B-FA4501341962}.Release|Any CPU.Build.0 = Release|Any CPU
	EndGlobalSection
	GlobalSection(SolutionProperties) = preSolution
		HideSolutionNode = FALSE
	EndGlobalSection
	GlobalSection(ExtensibilityGlobals) = postSolution
		SolutionGuid = {AF4F00C2-9614-4200-A9EB-6828F5F84A4E}
	EndGlobalSection
EndGlobal
